
Microsoft Visual Studio Solution File, Format Version 12.00
# Visual Studio Version 16
VisualStudioVersion = 16.0.30128.74
MinimumVisualStudioVersion = 10.0.40219.1
Project("{FAE04EC0-301F-11D3-BF4B-00C04F79EFBC}") = "WhatsTheDiameter", "WhatsTheDiameter.csproj", "{ADAF12C0-8E9F-48B7-B00C-3B66FF11651F}"
EndProject
Global
	GlobalSection(SolutionConfigurationPlatforms) = preSolution
		Debug|Any CPU = Debug|Any CPU
		Release|Any CPU = Release|Any CPU
	EndGlobalSection
	GlobalSection(ProjectConfigurationPlatforms) = postSolution
		{ADAF12C0-8E9F-48B7-B00C-3B66FF11651F}.Debug|Any CPU.ActiveCfg = Debug|Any CPU
		{ADAF12C0-8E9F-48B7-B00C-3B66FF11651F}.Debug|Any CPU.Build.0 = Debug|Any CPU
		{ADAF12C0-8E9F-48B7-B00C-3B66FF11651F}.Release|Any CPU.ActiveCfg = Release|Any CPU
		{ADAF12C0-8E9F-48B7-B00C-3B66FF11651F}.Release|Any CPU.Build.0 = Release|Any CPU
	EndGlobalSection
	GlobalSection(SolutionProperties) = preSolution
		HideSolutionNode = FALSE
	EndGlobalSection
	GlobalSection(ExtensibilityGlobals) = postSolution
		SolutionGuid = {11B6FD2F-E786-400E-9AF6-53FE38F10585}
	EndGlobalSection
EndGlobal
